
Microsoft Visual Studio Solution File, Format Version 12.00
# Visual Studio Version 17
VisualStudioVersion = 17.0.31919.166
MinimumVisualStudioVersion = 10.0.40219.1
Project("{FAE04EC0-301F-11D3-BF4B-00C04F79EFBC}") = "DoNotTestImplementationDetails", "DoNotTestImplementationDetails\DoNotTestImplementationDetails.csproj", "{D69FB349-E9B8-4D10-96AD-B5A787550D21}"
EndProject
Project("{FAE04EC0-301F-11D3-BF4B-00C04F79EFBC}") = "Tests", "Tests\Tests.csproj", "{645D639D-945B-4DCA-81AF-1A66590DF0DF}"
EndProject
Global
	GlobalSection(SolutionConfigurationPlatforms) = preSolution
		Debug|Any CPU = Debug|Any CPU
		Release|Any CPU = Release|Any CPU
	EndGlobalSection
	GlobalSection(ProjectConfigurationPlatforms) = postSolution
		{D69FB349-E9B8-4D10-96AD-B5A787550D21}.Debug|Any CPU.ActiveCfg = Debug|Any CPU
		{D69FB349-E9B8-4D10-96AD-B5A787550D21}.Debug|Any CPU.Build.0 = Debug|Any CPU
		{D69FB349-E9B8-4D10-96AD-B5A787550D21}.Release|Any CPU.ActiveCfg = Release|Any CPU
		{D69FB349-E9B8-4D10-96AD-B5A787550D21}.Release|Any CPU.Build.0 = Release|Any CPU
		{645D639D-945B-4DCA-81AF-1A66590DF0DF}.Debug|Any CPU.ActiveCfg = Debug|Any CPU
		{645D639D-945B-4DCA-81AF-1A66590DF0DF}.Debug|Any CPU.Build.0 = Debug|Any CPU
		{645D639D-945B-4DCA-81AF-1A66590DF0DF}.Release|Any CPU.ActiveCfg = Release|Any CPU
		{645D639D-945B-4DCA-81AF-1A66590DF0DF}.Release|Any CPU.Build.0 = Release|Any CPU
	EndGlobalSection
	GlobalSection(SolutionProperties) = preSolution
		HideSolutionNode = FALSE
	EndGlobalSection
	GlobalSection(ExtensibilityGlobals) = postSolution
		SolutionGuid = {A4D00DBA-E7B0-4C14-BECC-328BF51FB942}
	EndGlobalSection
EndGlobal
