
Microsoft Visual Studio Solution File, Format Version 12.00
# Visual Studio Version 17
VisualStudioVersion = 17.5.33424.131
MinimumVisualStudioVersion = 10.0.40219.1
Project("{FAE04EC0-301F-11D3-BF4B-00C04F79EFBC}") = "SingleResponsibilityPrinciple", "SingleResponsibilityPrinciple\SingleResponsibilityPrinciple.csproj", "{DF1EF756-548B-45EF-B773-B2B66A783FE1}"
EndProject
Project("{FAE04EC0-301F-11D3-BF4B-00C04F79EFBC}") = "OpenClosedPrinciple", "OpenClosedPrinciple\OpenClosedPrinciple.csproj", "{5A867DBD-3ABF-429F-B234-25804BB3247B}"
EndProject
Project("{2150E333-8FDC-42A3-9474-1A3956D46DE8}") = "01 Single Responsibility Principle", "01 Single Responsibility Principle", "{CAECE7C7-C5DD-4119-8B14-79B8F2C18FB6}"
EndProject
Project("{2150E333-8FDC-42A3-9474-1A3956D46DE8}") = "02 Open-Closed Principle", "02 Open-Closed Principle", "{DDAB5DCA-D935-464C-BEEB-415F80BBF6D2}"
EndProject
Project("{FAE04EC0-301F-11D3-BF4B-00C04F79EFBC}") = "LiskovSubstitutionPrinciple", "LiskovSubstitutionPrinciple\LiskovSubstitutionPrinciple.csproj", "{DD5EA56C-9D13-4298-ADC0-553AAA8C7839}"
EndProject
Project("{2150E333-8FDC-42A3-9474-1A3956D46DE8}") = "03 Liskov Substitution Principle", "03 Liskov Substitution Principle", "{63919599-E884-4698-86C5-8A530FB70DA3}"
EndProject
Project("{2150E333-8FDC-42A3-9474-1A3956D46DE8}") = "04 Interface Segregation Principle", "04 Interface Segregation Principle", "{55D3832A-8388-4B5B-8C77-24A5A88A381B}"
EndProject
Project("{2150E333-8FDC-42A3-9474-1A3956D46DE8}") = "05 Dependency Inversion Principle", "05 Dependency Inversion Principle", "{41B63321-B0D0-44FE-882A-DE196D714162}"
EndProject
Project("{9A19103F-16F7-4668-BE54-9A1E7A4F7556}") = "InterfaceSegregationPrinciple", "InterfaceSegregationPrinciple\InterfaceSegregationPrinciple.csproj", "{F27B3AAE-7DF4-4604-BA96-551813C20D74}"
EndProject
Project("{9A19103F-16F7-4668-BE54-9A1E7A4F7556}") = "DependencyInversionPrinciple", "DependencyInversionPrinciple\DependencyInversionPrinciple.csproj", "{F5DD3E62-9321-4950-93A9-6AF2EA15ACE0}"
EndProject
Project("{FAE04EC0-301F-11D3-BF4B-00C04F79EFBC}") = "DependencyInversionPrinciple.Tests", "DependencyInversionPrinciple.Tests\DependencyInversionPrinciple.Tests.csproj", "{972DEA7B-0AFC-4984-A8BC-B7AB04058D34}"
EndProject
Global
	GlobalSection(SolutionConfigurationPlatforms) = preSolution
		Debug|Any CPU = Debug|Any CPU
		Release|Any CPU = Release|Any CPU
	EndGlobalSection
	GlobalSection(ProjectConfigurationPlatforms) = postSolution
		{DF1EF756-548B-45EF-B773-B2B66A783FE1}.Debug|Any CPU.ActiveCfg = Debug|Any CPU
		{DF1EF756-548B-45EF-B773-B2B66A783FE1}.Debug|Any CPU.Build.0 = Debug|Any CPU
		{DF1EF756-548B-45EF-B773-B2B66A783FE1}.Release|Any CPU.ActiveCfg = Release|Any CPU
		{DF1EF756-548B-45EF-B773-B2B66A783FE1}.Release|Any CPU.Build.0 = Release|Any CPU
		{5A867DBD-3ABF-429F-B234-25804BB3247B}.Debug|Any CPU.ActiveCfg = Debug|Any CPU
		{5A867DBD-3ABF-429F-B234-25804BB3247B}.Debug|Any CPU.Build.0 = Debug|Any CPU
		{5A867DBD-3ABF-429F-B234-25804BB3247B}.Release|Any CPU.ActiveCfg = Release|Any CPU
		{5A867DBD-3ABF-429F-B234-25804BB3247B}.Release|Any CPU.Build.0 = Release|Any CPU
		{DD5EA56C-9D13-4298-ADC0-553AAA8C7839}.Debug|Any CPU.ActiveCfg = Debug|Any CPU
		{DD5EA56C-9D13-4298-ADC0-553AAA8C7839}.Debug|Any CPU.Build.0 = Debug|Any CPU
		{DD5EA56C-9D13-4298-ADC0-553AAA8C7839}.Release|Any CPU.ActiveCfg = Release|Any CPU
		{DD5EA56C-9D13-4298-ADC0-553AAA8C7839}.Release|Any CPU.Build.0 = Release|Any CPU
		{F27B3AAE-7DF4-4604-BA96-551813C20D74}.Debug|Any CPU.ActiveCfg = Debug|Any CPU
		{F27B3AAE-7DF4-4604-BA96-551813C20D74}.Debug|Any CPU.Build.0 = Debug|Any CPU
		{F27B3AAE-7DF4-4604-BA96-551813C20D74}.Release|Any CPU.ActiveCfg = Release|Any CPU
		{F27B3AAE-7DF4-4604-BA96-551813C20D74}.Release|Any CPU.Build.0 = Release|Any CPU
		{F5DD3E62-9321-4950-93A9-6AF2EA15ACE0}.Debug|Any CPU.ActiveCfg = Debug|Any CPU
		{F5DD3E62-9321-4950-93A9-6AF2EA15ACE0}.Debug|Any CPU.Build.0 = Debug|Any CPU
		{F5DD3E62-9321-4950-93A9-6AF2EA15ACE0}.Release|Any CPU.ActiveCfg = Release|Any CPU
		{F5DD3E62-9321-4950-93A9-6AF2EA15ACE0}.Release|Any CPU.Build.0 = Release|Any CPU
		{972DEA7B-0AFC-4984-A8BC-B7AB04058D34}.Debug|Any CPU.ActiveCfg = Debug|Any CPU
		{972DEA7B-0AFC-4984-A8BC-B7AB04058D34}.Debug|Any CPU.Build.0 = Debug|Any CPU
		{972DEA7B-0AFC-4984-A8BC-B7AB04058D34}.Release|Any CPU.ActiveCfg = Release|Any CPU
		{972DEA7B-0AFC-4984-A8BC-B7AB04058D34}.Release|Any CPU.Build.0 = Release|Any CPU
	EndGlobalSection
	GlobalSection(SolutionProperties) = preSolution
		HideSolutionNode = FALSE
	EndGlobalSection
	GlobalSection(NestedProjects) = preSolution
		{DF1EF756-548B-45EF-B773-B2B66A783FE1} = {CAECE7C7-C5DD-4119-8B14-79B8F2C18FB6}
		{5A867DBD-3ABF-429F-B234-25804BB3247B} = {DDAB5DCA-D935-464C-BEEB-415F80BBF6D2}
		{DD5EA56C-9D13-4298-ADC0-553AAA8C7839} = {63919599-E884-4698-86C5-8A530FB70DA3}
		{F27B3AAE-7DF4-4604-BA96-551813C20D74} = {55D3832A-8388-4B5B-8C77-24A5A88A381B}
		{F5DD3E62-9321-4950-93A9-6AF2EA15ACE0} = {41B63321-B0D0-44FE-882A-DE196D714162}
		{972DEA7B-0AFC-4984-A8BC-B7AB04058D34} = {41B63321-B0D0-44FE-882A-DE196D714162}
	EndGlobalSection
	GlobalSection(ExtensibilityGlobals) = postSolution
		SolutionGuid = {4EF90EF9-6302-479D-AC61-DAC7E492F9E4}
	EndGlobalSection
EndGlobal
